
Microsoft Visual Studio Solution File, Format Version 12.00
# Visual Studio Version 17
VisualStudioVersion = 17.14.37411.7
MinimumVisualStudioVersion = 10.0.40219.1
Project("{FAE04EC0-301F-11D3-BF4B-00C04F79EFBC}") = "finance.online.api", "finance.online.api\finance.online.api.csproj", "{1B0C47B7-DA30-47C2-A8C6-756516DD5ED0}"
EndProject
Project("{FAE04EC0-301F-11D3-BF4B-00C04F79EFBC}") = "finance.online.mvc", "finance.online.mvc\finance.online.mvc.csproj", "{46C53D75-A0CA-41B8-91C7-48E6AF6685E5}"
EndProject
Project("{FAE04EC0-301F-11D3-BF4B-00C04F79EFBC}") = "tests", "tests\tests.csproj", "{4409ADAB-5255-4FD2-ACCD-308627FAB302}"
EndProject
Global
	GlobalSection(SolutionConfigurationPlatforms) = preSolution
		Debug|Any CPU = Debug|Any CPU
		Release|Any CPU = Release|Any CPU
	EndGlobalSection
	GlobalSection(ProjectConfigurationPlatforms) = postSolution
		{1B0C47B7-DA30-47C2-A8C6-756516DD5ED0}.Debug|Any CPU.ActiveCfg = Debug|Any CPU
		{1B0C47B7-DA30-47C2-A8C6-756516DD5ED0}.Debug|Any CPU.Build.0 = Debug|Any CPU
		{1B0C47B7-DA30-47C2-A8C6-756516DD5ED0}.Release|Any CPU.ActiveCfg = Release|Any CPU
		{1B0C47B7-DA30-47C2-A8C6-756516DD5ED0}.Release|Any CPU.Build.0 = Release|Any CPU
		{46C53D75-A0CA-41B8-91C7-48E6AF6685E5}.Debug|Any CPU.ActiveCfg = Debug|Any CPU
		{46C53D75-A0CA-41B8-91C7-48E6AF6685E5}.Debug|Any CPU.Build.0 = Debug|Any CPU
		{46C53D75-A0CA-41B8-91C7-48E6AF6685E5}.Release|Any CPU.ActiveCfg = Release|Any CPU
		{46C53D75-A0CA-41B8-91C7-48E6AF6685E5}.Release|Any CPU.Build.0 = Release|Any CPU
		{4409ADAB-5255-4FD2-ACCD-308627FAB302}.Debug|Any CPU.ActiveCfg = Debug|Any CPU
		{4409ADAB-5255-4FD2-ACCD-308627FAB302}.Debug|Any CPU.Build.0 = Debug|Any CPU
		{4409ADAB-5255-4FD2-ACCD-308627FAB302}.Release|Any CPU.ActiveCfg = Release|Any CPU
		{4409ADAB-5255-4FD2-ACCD-308627FAB302}.Release|Any CPU.Build.0 = Release|Any CPU
	EndGlobalSection
	GlobalSection(SolutionProperties) = preSolution
		HideSolutionNode = FALSE
	EndGlobalSection
	GlobalSection(ExtensibilityGlobals) = postSolution
		SolutionGuid = {45721FA4-9C62-4447-9A4C-1C0744D28613}
	EndGlobalSection
EndGlobal
